
Microsoft Visual Studio Solution File, Format Version 12.00
Project("{FAE04EC0-301F-11D3-BF4B-00C04F79EFBC}") = "ShoppingCart", "ShoppingCart\ShoppingCart\ShoppingCart.csproj", "{6E11A4E8-13BE-4381-9BD0-8947B23D26A3}"
EndProject
Project("{FAE04EC0-301F-11D3-BF4B-00C04F79EFBC}") = "ShoppingCart.Droid", "ShoppingCart\ShoppingCart.Droid\ShoppingCart.Droid.csproj", "{6F66E7EF-B4BD-49FD-A12B-C429DAE68025}"
EndProject
Project("{FAE04EC0-301F-11D3-BF4B-00C04F79EFBC}") = "ShoppingCart.iOS", "ShoppingCart\ShoppingCart.iOS\ShoppingCart.iOS.csproj", "{3C28855F-6840-4493-AF03-1FD5002CEE37}"
EndProject
Global
	GlobalSection(SolutionConfigurationPlatforms) = preSolution
		Debug|Any CPU = Debug|Any CPU
		Debug|iPhone = Debug|iPhone
		Debug|iPhoneSimulator = Debug|iPhoneSimulator
		Release|Any CPU = Release|Any CPU
		Release|iPhone = Release|iPhone
		Release|iPhoneSimulator = Release|iPhoneSimulator
	EndGlobalSection
	GlobalSection(ProjectConfigurationPlatforms) = postSolution
		{6E11A4E8-13BE-4381-9BD0-8947B23D26A3}.Debug|Any CPU.ActiveCfg = Debug|Any CPU
		{6E11A4E8-13BE-4381-9BD0-8947B23D26A3}.Debug|Any CPU.Build.0 = Debug|Any CPU
		{6E11A4E8-13BE-4381-9BD0-8947B23D26A3}.Debug|iPhone.ActiveCfg = Debug|Any CPU
		{6E11A4E8-13BE-4381-9BD0-8947B23D26A3}.Debug|iPhone.Build.0 = Debug|Any CPU
		{6E11A4E8-13BE-4381-9BD0-8947B23D26A3}.Debug|iPhoneSimulator.ActiveCfg = Debug|Any CPU
		{6E11A4E8-13BE-4381-9BD0-8947B23D26A3}.Debug|iPhoneSimulator.Build.0 = Debug|Any CPU
		{6E11A4E8-13BE-4381-9BD0-8947B23D26A3}.Release|Any CPU.ActiveCfg = Release|Any CPU
		{6E11A4E8-13BE-4381-9BD0-8947B23D26A3}.Release|Any CPU.Build.0 = Release|Any CPU
		{6E11A4E8-13BE-4381-9BD0-8947B23D26A3}.Release|iPhone.ActiveCfg = Release|Any CPU
		{6E11A4E8-13BE-4381-9BD0-8947B23D26A3}.Release|iPhone.Build.0 = Release|Any CPU
		{6E11A4E8-13BE-4381-9BD0-8947B23D26A3}.Release|iPhoneSimulator.ActiveCfg = Release|Any CPU
		{6E11A4E8-13BE-4381-9BD0-8947B23D26A3}.Release|iPhoneSimulator.Build.0 = Release|Any CPU
		{6F66E7EF-B4BD-49FD-A12B-C429DAE68025}.Debug|Any CPU.ActiveCfg = Debug|Any CPU
		{6F66E7EF-B4BD-49FD-A12B-C429DAE68025}.Debug|Any CPU.Build.0 = Debug|Any CPU
		{6F66E7EF-B4BD-49FD-A12B-C429DAE68025}.Debug|iPhone.ActiveCfg = Debug|Any CPU
		{6F66E7EF-B4BD-49FD-A12B-C429DAE68025}.Debug|iPhone.Build.0 = Debug|Any CPU
		{6F66E7EF-B4BD-49FD-A12B-C429DAE68025}.Debug|iPhoneSimulator.ActiveCfg = Debug|Any CPU
		{6F66E7EF-B4BD-49FD-A12B-C429DAE68025}.Debug|iPhoneSimulator.Build.0 = Debug|Any CPU
		{6F66E7EF-B4BD-49FD-A12B-C429DAE68025}.Release|Any CPU.ActiveCfg = Release|Any CPU
		{6F66E7EF-B4BD-49FD-A12B-C429DAE68025}.Release|Any CPU.Build.0 = Release|Any CPU
		{6F66E7EF-B4BD-49FD-A12B-C429DAE68025}.Release|iPhone.ActiveCfg = Release|Any CPU
		{6F66E7EF-B4BD-49FD-A12B-C429DAE68025}.Release|iPhone.Build.0 = Release|Any CPU
		{6F66E7EF-B4BD-49FD-A12B-C429DAE68025}.Release|iPhoneSimulator.ActiveCfg = Release|Any CPU
		{6F66E7EF-B4BD-49FD-A12B-C429DAE68025}.Release|iPhoneSimulator.Build.0 = Release|Any CPU
		{3C28855F-6840-4493-AF03-1FD5002CEE37}.Debug|Any CPU.ActiveCfg = Debug|iPhoneSimulator
		{3C28855F-6840-4493-AF03-1FD5002CEE37}.Debug|Any CPU.Build.0 = Debug|iPhoneSimulator
		{3C28855F-6840-4493-AF03-1FD5002CEE37}.Debug|Any CPU.Deploy.0 = Debug|iPhoneSimulator
		{3C28855F-6840-4493-AF03-1FD5002CEE37}.Debug|iPhone.ActiveCfg = Debug|iPhone
		{3C28855F-6840-4493-AF03-1FD5002CEE37}.Debug|iPhone.Build.0 = Debug|iPhone
		{3C28855F-6840-4493-AF03-1FD5002CEE37}.Debug|iPhone.Deploy.0 = Debug|iPhone
		{3C28855F-6840-4493-AF03-1FD5002CEE37}.Debug|iPhoneSimulator.ActiveCfg = Debug|iPhoneSimulator
		{3C28855F-6840-4493-AF03-1FD5002CEE37}.Debug|iPhoneSimulator.Build.0 = Debug|iPhoneSimulator
		{3C28855F-6840-4493-AF03-1FD5002CEE37}.Debug|iPhoneSimulator.Deploy.0 = Debug|iPhoneSimulator
		{3C28855F-6840-4493-AF03-1FD5002CEE37}.Release|Any CPU.ActiveCfg = Release|iPhone
		{3C28855F-6840-4493-AF03-1FD5002CEE37}.Release|Any CPU.Build.0 = Release|iPhone
		{3C28855F-6840-4493-AF03-1FD5002CEE37}.Release|Any CPU.Deploy.0 = Release|iPhone
		{3C28855F-6840-4493-AF03-1FD5002CEE37}.Release|iPhone.ActiveCfg = Release|iPhone
		{3C28855F-6840-4493-AF03-1FD5002CEE37}.Release|iPhone.Build.0 = Release|iPhone
		{3C28855F-6840-4493-AF03-1FD5002CEE37}.Release|iPhone.Deploy.0 = Release|iPhone
		{3C28855F-6840-4493-AF03-1FD5002CEE37}.Release|iPhoneSimulator.ActiveCfg = Release|iPhoneSimulator
		{3C28855F-6840-4493-AF03-1FD5002CEE37}.Release|iPhoneSimulator.Build.0 = Release|iPhoneSimulator
		{3C28855F-6840-4493-AF03-1FD5002CEE37}.Release|iPhoneSimulator.Deploy.0 = Release|iPhoneSimulator
	EndGlobalSection
EndGlobal
